
Microsoft Visual Studio Solution File, Format Version 12.00
# Visual Studio 15
VisualStudioVersion = 15.0.27703.2047
MinimumVisualStudioVersion = 10.0.40219.1
Project("{9A19103F-16F7-4668-BE54-9A1E7A4F7556}") = "OrderWebApp", "OrderWebApp\OrderWebApp.csproj", "{EA4B2D78-3CE4-4745-B611-DD4563C09BB4}"
EndProject
Project("{9A19103F-16F7-4668-BE54-9A1E7A4F7556}") = "Contracts", "Contracts\Contracts.csproj", "{EE0A9B14-090F-47B1-B880-6BEAE3B880D7}"
EndProject
Project("{9A19103F-16F7-4668-BE54-9A1E7A4F7556}") = "Entities", "Entities\Entities.csproj", "{61C32BD9-76C9-46BA-B802-55AB5D9C495B}"
EndProject
Project("{9A19103F-16F7-4668-BE54-9A1E7A4F7556}") = "Repository", "Repository\Repository.csproj", "{7437B165-F28C-48BF-A0B3-9AFF314155AF}"
EndProject
Project("{FAE04EC0-301F-11D3-BF4B-00C04F79EFBC}") = "OrderApp.Test", "OrderApp.Test\OrderApp.Test.csproj", "{AC0D0AAE-9F05-46CC-916D-8B47C29C6523}"
EndProject
Global
	GlobalSection(SolutionConfigurationPlatforms) = preSolution
		Debug|Any CPU = Debug|Any CPU
		Release|Any CPU = Release|Any CPU
	EndGlobalSection
	GlobalSection(ProjectConfigurationPlatforms) = postSolution
		{EA4B2D78-3CE4-4745-B611-DD4563C09BB4}.Debug|Any CPU.ActiveCfg = Debug|Any CPU
		{EA4B2D78-3CE4-4745-B611-DD4563C09BB4}.Debug|Any CPU.Build.0 = Debug|Any CPU
		{EA4B2D78-3CE4-4745-B611-DD4563C09BB4}.Release|Any CPU.ActiveCfg = Release|Any CPU
		{EA4B2D78-3CE4-4745-B611-DD4563C09BB4}.Release|Any CPU.Build.0 = Release|Any CPU
		{EE0A9B14-090F-47B1-B880-6BEAE3B880D7}.Debug|Any CPU.ActiveCfg = Debug|Any CPU
		{EE0A9B14-090F-47B1-B880-6BEAE3B880D7}.Debug|Any CPU.Build.0 = Debug|Any CPU
		{EE0A9B14-090F-47B1-B880-6BEAE3B880D7}.Release|Any CPU.ActiveCfg = Release|Any CPU
		{EE0A9B14-090F-47B1-B880-6BEAE3B880D7}.Release|Any CPU.Build.0 = Release|Any CPU
		{61C32BD9-76C9-46BA-B802-55AB5D9C495B}.Debug|Any CPU.ActiveCfg = Debug|Any CPU
		{61C32BD9-76C9-46BA-B802-55AB5D9C495B}.Debug|Any CPU.Build.0 = Debug|Any CPU
		{61C32BD9-76C9-46BA-B802-55AB5D9C495B}.Release|Any CPU.ActiveCfg = Release|Any CPU
		{61C32BD9-76C9-46BA-B802-55AB5D9C495B}.Release|Any CPU.Build.0 = Release|Any CPU
		{7437B165-F28C-48BF-A0B3-9AFF314155AF}.Debug|Any CPU.ActiveCfg = Debug|Any CPU
		{7437B165-F28C-48BF-A0B3-9AFF314155AF}.Debug|Any CPU.Build.0 = Debug|Any CPU
		{7437B165-F28C-48BF-A0B3-9AFF314155AF}.Release|Any CPU.ActiveCfg = Release|Any CPU
		{7437B165-F28C-48BF-A0B3-9AFF314155AF}.Release|Any CPU.Build.0 = Release|Any CPU
		{AC0D0AAE-9F05-46CC-916D-8B47C29C6523}.Debug|Any CPU.ActiveCfg = Debug|Any CPU
		{AC0D0AAE-9F05-46CC-916D-8B47C29C6523}.Debug|Any CPU.Build.0 = Debug|Any CPU
		{AC0D0AAE-9F05-46CC-916D-8B47C29C6523}.Release|Any CPU.ActiveCfg = Release|Any CPU
		{AC0D0AAE-9F05-46CC-916D-8B47C29C6523}.Release|Any CPU.Build.0 = Release|Any CPU
	EndGlobalSection
	GlobalSection(SolutionProperties) = preSolution
		HideSolutionNode = FALSE
	EndGlobalSection
	GlobalSection(ExtensibilityGlobals) = postSolution
		SolutionGuid = {93BF9055-18A0-4B77-A333-B158AE5A1FA0}
	EndGlobalSection
EndGlobal
